{"is_source_file": false, "format": "", "description": "", "external_files": [], "external_methods": [], "published": [], "classes": [], "methods": [], "calls": [], "search-terms": [], "state": 2, "file_id": 34, "knowledge_revision": 94, "git_revision": "84c950fae2850152ee13422436657c12f59c28a2", "hash": "e9b4c3b42cef0193b7fddb548d37e652", "format-version": 4, "code-base-name": "default", "filename": "globalcuisine_hub/post_process_status.lock", "revision_history": [{"94": "84c950fae2850152ee13422436657c12f59c28a2"}]}